
Microsoft Visual Studio Solution File, Format Version 12.00
# Visual Studio Version 16
VisualStudioVersion = 16.0.30907.101
MinimumVisualStudioVersion = 10.0.40219.1
Project("{FAE04EC0-301F-11D3-BF4B-00C04F79EFBC}") = "Hospital_Tilisarao_Api", "Hospital_Tilisarao_Api\Hospital_Tilisarao_Api.csproj", "{A144B4F7-953B-4A5C-A315-7CAFE75E67EE}"
EndProject
Global
	GlobalSection(SolutionConfigurationPlatforms) = preSolution
		Debug|Any CPU = Debug|Any CPU
		Release|Any CPU = Release|Any CPU
	EndGlobalSection
	GlobalSection(ProjectConfigurationPlatforms) = postSolution
		{A144B4F7-953B-4A5C-A315-7CAFE75E67EE}.Debug|Any CPU.ActiveCfg = Debug|Any CPU
		{A144B4F7-953B-4A5C-A315-7CAFE75E67EE}.Debug|Any CPU.Build.0 = Debug|Any CPU
		{A144B4F7-953B-4A5C-A315-7CAFE75E67EE}.Release|Any CPU.ActiveCfg = Release|Any CPU
		{A144B4F7-953B-4A5C-A315-7CAFE75E67EE}.Release|Any CPU.Build.0 = Release|Any CPU
	EndGlobalSection
	GlobalSection(SolutionProperties) = preSolution
		HideSolutionNode = FALSE
	EndGlobalSection
	GlobalSection(ExtensibilityGlobals) = postSolution
		SolutionGuid = {A68D90E5-F07D-4096-9716-214A5CDD93CB}
	EndGlobalSection
EndGlobal
